
Microsoft Visual Studio Solution File, Format Version 12.00
# Visual Studio 15
VisualStudioVersion = 15.0.28307.1062
MinimumVisualStudioVersion = 10.0.40219.1
Project("{9A19103F-16F7-4668-BE54-9A1E7A4F7556}") = "Enforcer", "Enforcer.csproj", "{8679F305-6C2B-4CC5-A99C-03F427F4E603}"
EndProject
Global
	GlobalSection(SolutionConfigurationPlatforms) = preSolution
		Debug|Any CPU = Debug|Any CPU
		Release|Any CPU = Release|Any CPU
	EndGlobalSection
	GlobalSection(ProjectConfigurationPlatforms) = postSolution
		{8679F305-6C2B-4CC5-A99C-03F427F4E603}.Debug|Any CPU.ActiveCfg = Debug|Any CPU
		{8679F305-6C2B-4CC5-A99C-03F427F4E603}.Debug|Any CPU.Build.0 = Debug|Any CPU
		{8679F305-6C2B-4CC5-A99C-03F427F4E603}.Release|Any CPU.ActiveCfg = Release|Any CPU
		{8679F305-6C2B-4CC5-A99C-03F427F4E603}.Release|Any CPU.Build.0 = Release|Any CPU
	EndGlobalSection
	GlobalSection(SolutionProperties) = preSolution
		HideSolutionNode = FALSE
	EndGlobalSection
	GlobalSection(ExtensibilityGlobals) = postSolution
		SolutionGuid = {F5970157-1752-4855-A7F7-B435F47F9566}
	EndGlobalSection
EndGlobal
