
Microsoft Visual Studio Solution File, Format Version 12.00
# Visual Studio Version 16
VisualStudioVersion = 16.0.30225.117
MinimumVisualStudioVersion = 10.0.40219.1
Project("{9A19103F-16F7-4668-BE54-9A1E7A4F7556}") = "Enforcer", "Enforcer.csproj", "{8679F305-6C2B-4CC5-A99C-03F427F4E603}"
EndProject
Project("{FAE04EC0-301F-11D3-BF4B-00C04F79EFBC}") = "TKNemforcer", "TKNemforcer\TKNemforcer.csproj", "{C5F88D3C-8964-473B-B2E5-75FE97D70661}"
EndProject
Global
	GlobalSection(SolutionConfigurationPlatforms) = preSolution
		Debug|Any CPU = Debug|Any CPU
		Release|Any CPU = Release|Any CPU
	EndGlobalSection
	GlobalSection(ProjectConfigurationPlatforms) = postSolution
		{8679F305-6C2B-4CC5-A99C-03F427F4E603}.Debug|Any CPU.ActiveCfg = Debug|Any CPU
		{8679F305-6C2B-4CC5-A99C-03F427F4E603}.Debug|Any CPU.Build.0 = Debug|Any CPU
		{8679F305-6C2B-4CC5-A99C-03F427F4E603}.Release|Any CPU.ActiveCfg = Release|Any CPU
		{8679F305-6C2B-4CC5-A99C-03F427F4E603}.Release|Any CPU.Build.0 = Release|Any CPU
		{C5F88D3C-8964-473B-B2E5-75FE97D70661}.Debug|Any CPU.ActiveCfg = Debug|Any CPU
		{C5F88D3C-8964-473B-B2E5-75FE97D70661}.Debug|Any CPU.Build.0 = Debug|Any CPU
		{C5F88D3C-8964-473B-B2E5-75FE97D70661}.Release|Any CPU.ActiveCfg = Release|Any CPU
		{C5F88D3C-8964-473B-B2E5-75FE97D70661}.Release|Any CPU.Build.0 = Release|Any CPU
	EndGlobalSection
	GlobalSection(SolutionProperties) = preSolution
		HideSolutionNode = FALSE
	EndGlobalSection
	GlobalSection(ExtensibilityGlobals) = postSolution
		SolutionGuid = {F5970157-1752-4855-A7F7-B435F47F9566}
	EndGlobalSection
EndGlobal
